Microsoft Visual Studio Solution File, Format Version 12.00
# Visual Studio Version 17
VisualStudioVersion = 17.0.31903.59
MinimumVisualStudioVersion = 10.0.40219.1
Project("{FAE04EC0-301F-11D3-BF4B-00C04F79EFBC}") = "MongoZen", "src\MongoZen\MongoZen.csproj", "{24361E4F-5C04-461B-9F9F-282BBD10B30F}"
EndProject
Project("{FAE04EC0-301F-11D3-BF4B-00C04F79EFBC}") = "MongoZen.Benchmarks", "src\MongoZen.Benchmarks\MongoZen.Benchmarks.csproj", "{6E63132A-8B81-4B0D-BD56-C17C8A776F51}"
EndProject
Project("{FAE04EC0-301F-11D3-BF4B-00C04F79EFBC}") = "MongoZen.SourceGenerator", "src\MongoZen.SourceGenerator\MongoZen.SourceGenerator.csproj", "{4BF62039-C36F-489A-8E6D-F8AEB81DD90C}"
EndProject
Project("{FAE04EC0-301F-11D3-BF4B-00C04F79EFBC}") = "MongoZen.Tests", "tests\MongoZen.Tests\MongoZen.Tests.csproj", "{29D288B7-F1C1-49C7-89D0-06C86754A14D}"
EndProject
Project("{FAE04EC0-301F-11D3-BF4B-00C04F79EFBC}") = "MongoZen.SourceGenerator.Tests", "tests\MongoZen.SourceGenerator.Tests\MongoZen.SourceGenerator.Tests.csproj", "{DBB27EF1-F229-46CB-8DF2-C66B49FECE6A}"
EndProject
Project("{2150E333-8FDC-42A3-9474-1A3956D46DE8}") = "Solution Items", "Solution Items", "{E4D7A95D-AEAD-4B22-B232-A3F4705B32B9}"
	ProjectSection(SolutionItems) = preProject
		Directory.Build.props = Directory.Build.props
		Directory.Build.targets = Directory.Build.targets
		global.json = global.json
		nuget.config = nuget.config
		README.md = README.md
		stylecop.json = stylecop.json
	EndProjectSection
EndProject
Project("{2150E333-8FDC-42A3-9474-1A3956D46DE8}") = "src", "src", "{F1C10C6C-3CC6-46DC-BE48-A720148170A9}"
EndProject
Project("{2150E333-8FDC-42A3-9474-1A3956D46DE8}") = "tests", "tests", "{F160CC4B-3893-4278-BF0E-6512E6F93A08}"
EndProject
Global
	GlobalSection(SolutionConfigurationPlatforms) = preSolution
		Debug|Any CPU = Debug|Any CPU
		Release|Any CPU = Release|Any CPU
	EndGlobalSection
	GlobalSection(ProjectConfigurationPlatforms) = postSolution
		{24361E4F-5C04-461B-9F9F-282BBD10B30F}.Debug|Any CPU.ActiveCfg = Debug|Any CPU
		{24361E4F-5C04-461B-9F9F-282BBD10B30F}.Debug|Any CPU.Build.0 = Debug|Any CPU
		{24361E4F-5C04-461B-9F9F-282BBD10B30F}.Release|Any CPU.ActiveCfg = Release|Any CPU
		{24361E4F-5C04-461B-9F9F-282BBD10B30F}.Release|Any CPU.Build.0 = Release|Any CPU
		{6E63132A-8B81-4B0D-BD56-C17C8A776F51}.Debug|Any CPU.ActiveCfg = Debug|Any CPU
		{6E63132A-8B81-4B0D-BD56-C17C8A776F51}.Debug|Any CPU.Build.0 = Debug|Any CPU
		{6E63132A-8B81-4B0D-BD56-C17C8A776F51}.Release|Any CPU.ActiveCfg = Release|Any CPU
		{6E63132A-8B81-4B0D-BD56-C17C8A776F51}.Release|Any CPU.Build.0 = Release|Any CPU
		{4BF62039-C36F-489A-8E6D-F8AEB81DD90C}.Debug|Any CPU.ActiveCfg = Debug|Any CPU
		{4BF62039-C36F-489A-8E6D-F8AEB81DD90C}.Debug|Any CPU.Build.0 = Debug|Any CPU
		{4BF62039-C36F-489A-8E6D-F8AEB81DD90C}.Release|Any CPU.ActiveCfg = Release|Any CPU
		{4BF62039-C36F-489A-8E6D-F8AEB81DD90C}.Release|Any CPU.Build.0 = Release|Any CPU
		{29D288B7-F1C1-49C7-89D0-06C86754A14D}.Debug|Any CPU.ActiveCfg = Debug|Any CPU
		{29D288B7-F1C1-49C7-89D0-06C86754A14D}.Debug|Any CPU.Build.0 = Debug|Any CPU
		{29D288B7-F1C1-49C7-89D0-06C86754A14D}.Release|Any CPU.ActiveCfg = Release|Any CPU
		{29D288B7-F1C1-49C7-89D0-06C86754A14D}.Release|Any CPU.Build.0 = Release|Any CPU
		{DBB27EF1-F229-46CB-8DF2-C66B49FECE6A}.Debug|Any CPU.ActiveCfg = Debug|Any CPU
		{DBB27EF1-F229-46CB-8DF2-C66B49FECE6A}.Debug|Any CPU.Build.0 = Debug|Any CPU
		{DBB27EF1-F229-46CB-8DF2-C66B49FECE6A}.Release|Any CPU.ActiveCfg = Release|Any CPU
		{DBB27EF1-F229-46CB-8DF2-C66B49FECE6A}.Release|Any CPU.Build.0 = Release|Any CPU
	EndGlobalSection
	GlobalSection(NestedProjects) = preSolution
		{24361E4F-5C04-461B-9F9F-282BBD10B30F} = {F1C10C6C-3CC6-46DC-BE48-A720148170A9}
		{4BF62039-C36F-489A-8E6D-F8AEB81DD90C} = {F1C10C6C-3CC6-46DC-BE48-A720148170A9}
		{6E63132A-8B81-4B0D-BD56-C17C8A776F51} = {F1C10C6C-3CC6-46DC-BE48-A720148170A9}
		{29D288B7-F1C1-49C7-89D0-06C86754A14D} = {F160CC4B-3893-4278-BF0E-6512E6F93A08}
		{DBB27EF1-F229-46CB-8DF2-C66B49FECE6A} = {F160CC4B-3893-4278-BF0E-6512E6F93A08}
	EndGlobalSection
EndGlobal
